
Microsoft Visual Studio Solution File, Format Version 12.00
Project("{FAE04EC0-301F-11D3-BF4B-00C04F79EFBC}") = "QuestionsAppSimple", "QuestionsAppSimple\QuestionsAppSimple.csproj", "{062DD258-F254-449A-9E21-470585C7350D}"
EndProject
Global
	GlobalSection(SolutionConfigurationPlatforms) = preSolution
		Debug|Any CPU = Debug|Any CPU
		Release|Any CPU = Release|Any CPU
	EndGlobalSection
	GlobalSection(ProjectConfigurationPlatforms) = postSolution
		{062DD258-F254-449A-9E21-470585C7350D}.Debug|Any CPU.ActiveCfg = Debug|Any CPU
		{062DD258-F254-449A-9E21-470585C7350D}.Debug|Any CPU.Build.0 = Debug|Any CPU
		{062DD258-F254-449A-9E21-470585C7350D}.Release|Any CPU.ActiveCfg = Release|Any CPU
		{062DD258-F254-449A-9E21-470585C7350D}.Release|Any CPU.Build.0 = Release|Any CPU
	EndGlobalSection
EndGlobal
